
Microsoft Visual Studio Solution File, Format Version 10.00
# Visual Studio 2008
Project("{FAE04EC0-301F-11D3-BF4B-00C04F79EFBC}") = "U8_Sale", "U8_Sale\U8_Sale.csproj", "{14E6438D-1928-4B99-B2C8-03DF0658B139}"
EndProject
Global
	GlobalSection(SolutionConfigurationPlatforms) = preSolution
		Debug|Any CPU = Debug|Any CPU
		Release|Any CPU = Release|Any CPU
	EndGlobalSection
	GlobalSection(ProjectConfigurationPlatforms) = postSolution
		{14E6438D-1928-4B99-B2C8-03DF0658B139}.Debug|Any CPU.ActiveCfg = Debug|Any CPU
		{14E6438D-1928-4B99-B2C8-03DF0658B139}.Debug|Any CPU.Build.0 = Debug|Any CPU
		{14E6438D-1928-4B99-B2C8-03DF0658B139}.Release|Any CPU.ActiveCfg = Release|Any CPU
		{14E6438D-1928-4B99-B2C8-03DF0658B139}.Release|Any CPU.Build.0 = Release|Any CPU
	EndGlobalSection
	GlobalSection(SolutionProperties) = preSolution
		HideSolutionNode = FALSE
	EndGlobalSection
EndGlobal
